{
  "version": "5",
  "redirects": {
    "https://esm.sh/@supabase/supabase-js@2": "https://esm.sh/@supabase/supabase-js@2.99.3"
  },
  "remote": {
    "https://esm.sh/@supabase/supabase-js@2.99.3": "043625cad1798d7e165a9cfcea145ac7d309c34786e5558023fecbcf565abfc7"
  },
  "workspace": {
    "packageJson": {
      "dependencies": [
        "npm:@supabase/supabase-js@^2.88.0",
        "npm:@twa-dev/sdk@^8.0.2",
        "npm:@types/react-dom@^18.2.17",
        "npm:@types/react@^18.2.43",
        "npm:@typescript-eslint/eslint-plugin@^6.14.0",
        "npm:@typescript-eslint/parser@^6.14.0",
        "npm:@vitejs/plugin-react@^4.2.1",
        "npm:axios@^1.6.2",
        "npm:date-fns@^2.30.0",
        "npm:deno@^2.7.7",
        "npm:eruda@^3.4.3",
        "npm:eslint-plugin-react-hooks@^4.6.0",
        "npm:eslint-plugin-react-refresh@~0.4.5",
        "npm:eslint@^8.55.0",
        "npm:react-dom@^18.2.0",
        "npm:react-router-dom@^6.20.0",
        "npm:react@^18.2.0",
        "npm:typescript@^5.2.2",
        "npm:vite@^5.0.8",
        "npm:zustand@^4.4.7"
      ]
    }
  }
}
